
Microsoft Visual Studio Solution File, Format Version 12.00
# Visual Studio Version 17
VisualStudioVersion = 17.2.32630.192
MinimumVisualStudioVersion = 10.0.40219.1
Project("{FAE04EC0-301F-11D3-BF4B-00C04F79EFBC}") = "Final-Project", "Final-Project\Final-Project.csproj", "{DAF3D69D-B4EA-43BE-9682-A21D274A1651}"
EndProject
Global
	GlobalSection(SolutionConfigurationPlatforms) = preSolution
		Debug|Any CPU = Debug|Any CPU
		Release|Any CPU = Release|Any CPU
	EndGlobalSection
	GlobalSection(ProjectConfigurationPlatforms) = postSolution
		{DAF3D69D-B4EA-43BE-9682-A21D274A1651}.Debug|Any CPU.ActiveCfg = Debug|Any CPU
		{DAF3D69D-B4EA-43BE-9682-A21D274A1651}.Debug|Any CPU.Build.0 = Debug|Any CPU
		{DAF3D69D-B4EA-43BE-9682-A21D274A1651}.Release|Any CPU.ActiveCfg = Release|Any CPU
		{DAF3D69D-B4EA-43BE-9682-A21D274A1651}.Release|Any CPU.Build.0 = Release|Any CPU
	EndGlobalSection
	GlobalSection(SolutionProperties) = preSolution
		HideSolutionNode = FALSE
	EndGlobalSection
	GlobalSection(ExtensibilityGlobals) = postSolution
		SolutionGuid = {B108F3DF-086A-4CAD-8C02-41985A9B5F5C}
	EndGlobalSection
EndGlobal
